
Microsoft Visual Studio Solution File, Format Version 12.00
# Visual Studio Version 17
VisualStudioVersion = 17.14.36518.9 d17.14
MinimumVisualStudioVersion = 10.0.40219.1
Project("{FAE04EC0-301F-11D3-BF4B-00C04F79EFBC}") = "damv.bloc1.ac06.implementacio", "damv.bloc1.ac06.implementacio\damv.bloc1.ac06.implementacio.csproj", "{03D55E98-F56E-4B74-A1E0-EA185AEA1462}"
EndProject
Global
	GlobalSection(SolutionConfigurationPlatforms) = preSolution
		Debug|Any CPU = Debug|Any CPU
		Release|Any CPU = Release|Any CPU
	EndGlobalSection
	GlobalSection(ProjectConfigurationPlatforms) = postSolution
		{03D55E98-F56E-4B74-A1E0-EA185AEA1462}.Debug|Any CPU.ActiveCfg = Debug|Any CPU
		{03D55E98-F56E-4B74-A1E0-EA185AEA1462}.Debug|Any CPU.Build.0 = Debug|Any CPU
		{03D55E98-F56E-4B74-A1E0-EA185AEA1462}.Release|Any CPU.ActiveCfg = Release|Any CPU
		{03D55E98-F56E-4B74-A1E0-EA185AEA1462}.Release|Any CPU.Build.0 = Release|Any CPU
	EndGlobalSection
	GlobalSection(SolutionProperties) = preSolution
		HideSolutionNode = FALSE
	EndGlobalSection
	GlobalSection(ExtensibilityGlobals) = postSolution
		SolutionGuid = {EDD22813-FBE8-4631-B933-10AC5E7032EF}
	EndGlobalSection
EndGlobal
